
Microsoft Visual Studio Solution File, Format Version 12.00
# Visual Studio Version 16
VisualStudioVersion = 16.0.29201.188
MinimumVisualStudioVersion = 10.0.40219.1
Project("{FAE04EC0-301F-11D3-BF4B-00C04F79EFBC}") = "String_Practice_Tech_Proj", "String_Practice_Tech_Proj\String_Practice_Tech_Proj.csproj", "{D3FD2BDE-E77A-4029-BD40-78A8C470CF62}"
EndProject
Global
	GlobalSection(SolutionConfigurationPlatforms) = preSolution
		Debug|Any CPU = Debug|Any CPU
		Release|Any CPU = Release|Any CPU
	EndGlobalSection
	GlobalSection(ProjectConfigurationPlatforms) = postSolution
		{D3FD2BDE-E77A-4029-BD40-78A8C470CF62}.Debug|Any CPU.ActiveCfg = Debug|Any CPU
		{D3FD2BDE-E77A-4029-BD40-78A8C470CF62}.Debug|Any CPU.Build.0 = Debug|Any CPU
		{D3FD2BDE-E77A-4029-BD40-78A8C470CF62}.Release|Any CPU.ActiveCfg = Release|Any CPU
		{D3FD2BDE-E77A-4029-BD40-78A8C470CF62}.Release|Any CPU.Build.0 = Release|Any CPU
	EndGlobalSection
	GlobalSection(SolutionProperties) = preSolution
		HideSolutionNode = FALSE
	EndGlobalSection
	GlobalSection(ExtensibilityGlobals) = postSolution
		SolutionGuid = {9D895D72-9C10-4859-B4DE-A1D23CA4EE94}
	EndGlobalSection
EndGlobal
