
Microsoft Visual Studio Solution File, Format Version 12.00
# Visual Studio Version 16
VisualStudioVersion = 16.0.29201.188
MinimumVisualStudioVersion = 10.0.40219.1
Project("{FAE04EC0-301F-11D3-BF4B-00C04F79EFBC}") = "Arrays_Lists_Advanced_Work_Tech_Acad_Proj", "Arrays_Lists_Advanced_Work_Tech_Acad_Proj\Arrays_Lists_Advanced_Work_Tech_Acad_Proj.csproj", "{726AF57D-BCEB-4E9E-8244-15D12459B7B7}"
EndProject
Global
	GlobalSection(SolutionConfigurationPlatforms) = preSolution
		Debug|Any CPU = Debug|Any CPU
		Release|Any CPU = Release|Any CPU
	EndGlobalSection
	GlobalSection(ProjectConfigurationPlatforms) = postSolution
		{726AF57D-BCEB-4E9E-8244-15D12459B7B7}.Debug|Any CPU.ActiveCfg = Debug|Any CPU
		{726AF57D-BCEB-4E9E-8244-15D12459B7B7}.Debug|Any CPU.Build.0 = Debug|Any CPU
		{726AF57D-BCEB-4E9E-8244-15D12459B7B7}.Release|Any CPU.ActiveCfg = Release|Any CPU
		{726AF57D-BCEB-4E9E-8244-15D12459B7B7}.Release|Any CPU.Build.0 = Release|Any CPU
	EndGlobalSection
	GlobalSection(SolutionProperties) = preSolution
		HideSolutionNode = FALSE
	EndGlobalSection
	GlobalSection(ExtensibilityGlobals) = postSolution
		SolutionGuid = {700AF381-2EDF-4B8F-9782-49D5CC92808B}
	EndGlobalSection
EndGlobal
