
Microsoft Visual Studio Solution File, Format Version 12.00
# Visual Studio Version 16
VisualStudioVersion = 16.0.29201.188
MinimumVisualStudioVersion = 10.0.40219.1
Project("{FAE04EC0-301F-11D3-BF4B-00C04F79EFBC}") = "Tech_Acad_Loop_Practice", "Tech_Acad_Loop_Practice\Tech_Acad_Loop_Practice.csproj", "{AEFD14DC-D430-40E6-8360-D2A69A3E664B}"
EndProject
Global
	GlobalSection(SolutionConfigurationPlatforms) = preSolution
		Debug|Any CPU = Debug|Any CPU
		Release|Any CPU = Release|Any CPU
	EndGlobalSection
	GlobalSection(ProjectConfigurationPlatforms) = postSolution
		{AEFD14DC-D430-40E6-8360-D2A69A3E664B}.Debug|Any CPU.ActiveCfg = Debug|Any CPU
		{AEFD14DC-D430-40E6-8360-D2A69A3E664B}.Debug|Any CPU.Build.0 = Debug|Any CPU
		{AEFD14DC-D430-40E6-8360-D2A69A3E664B}.Release|Any CPU.ActiveCfg = Release|Any CPU
		{AEFD14DC-D430-40E6-8360-D2A69A3E664B}.Release|Any CPU.Build.0 = Release|Any CPU
	EndGlobalSection
	GlobalSection(SolutionProperties) = preSolution
		HideSolutionNode = FALSE
	EndGlobalSection
	GlobalSection(ExtensibilityGlobals) = postSolution
		SolutionGuid = {C95278C0-81F4-492D-9279-06947BF1912D}
	EndGlobalSection
EndGlobal
