
Microsoft Visual Studio Solution File, Format Version 12.00
# Visual Studio Version 16
VisualStudioVersion = 16.0.29201.188
MinimumVisualStudioVersion = 10.0.40219.1
Project("{FAE04EC0-301F-11D3-BF4B-00C04F79EFBC}") = "Boolean_Logic_Tech_Acad_Proj", "Boolean_Logic_Tech_Acad_Proj\Boolean_Logic_Tech_Acad_Proj.csproj", "{4C485E90-E313-4D6B-8FF6-FB63D3B12BD3}"
EndProject
Global
	GlobalSection(SolutionConfigurationPlatforms) = preSolution
		Debug|Any CPU = Debug|Any CPU
		Release|Any CPU = Release|Any CPU
	EndGlobalSection
	GlobalSection(ProjectConfigurationPlatforms) = postSolution
		{4C485E90-E313-4D6B-8FF6-FB63D3B12BD3}.Debug|Any CPU.ActiveCfg = Debug|Any CPU
		{4C485E90-E313-4D6B-8FF6-FB63D3B12BD3}.Debug|Any CPU.Build.0 = Debug|Any CPU
		{4C485E90-E313-4D6B-8FF6-FB63D3B12BD3}.Release|Any CPU.ActiveCfg = Release|Any CPU
		{4C485E90-E313-4D6B-8FF6-FB63D3B12BD3}.Release|Any CPU.Build.0 = Release|Any CPU
	EndGlobalSection
	GlobalSection(SolutionProperties) = preSolution
		HideSolutionNode = FALSE
	EndGlobalSection
	GlobalSection(ExtensibilityGlobals) = postSolution
		SolutionGuid = {2CCD9586-5D33-42B5-AD96-61238A1EBE8D}
	EndGlobalSection
EndGlobal
